
Microsoft Visual Studio Solution File, Format Version 12.00
# Visual Studio 15
VisualStudioVersion = 15.0.27428.2015
MinimumVisualStudioVersion = 10.0.40219.1
Project("{FAE04EC0-301F-11D3-BF4B-00C04F79EFBC}") = "LookingForRepos", "LookingForRepos\LookingForRepos.csproj", "{D1E05110-1DAC-43EC-9E0F-074BDF8958CE}"
EndProject
Global
	GlobalSection(SolutionConfigurationPlatforms) = preSolution
		Debug|Any CPU = Debug|Any CPU
		Release|Any CPU = Release|Any CPU
	EndGlobalSection
	GlobalSection(ProjectConfigurationPlatforms) = postSolution
		{D1E05110-1DAC-43EC-9E0F-074BDF8958CE}.Debug|Any CPU.ActiveCfg = Debug|Any CPU
		{D1E05110-1DAC-43EC-9E0F-074BDF8958CE}.Debug|Any CPU.Build.0 = Debug|Any CPU
		{D1E05110-1DAC-43EC-9E0F-074BDF8958CE}.Release|Any CPU.ActiveCfg = Release|Any CPU
		{D1E05110-1DAC-43EC-9E0F-074BDF8958CE}.Release|Any CPU.Build.0 = Release|Any CPU
	EndGlobalSection
	GlobalSection(SolutionProperties) = preSolution
		HideSolutionNode = FALSE
	EndGlobalSection
	GlobalSection(ExtensibilityGlobals) = postSolution
		SolutionGuid = {C64238A0-9D69-4A6A-8175-E04993586C3B}
	EndGlobalSection
EndGlobal
